
Microsoft Visual Studio Solution File, Format Version 12.00
# Visual Studio Version 17
VisualStudioVersion = 17.5.33530.505
MinimumVisualStudioVersion = 10.0.40219.1
Project("{FAE04EC0-301F-11D3-BF4B-00C04F79EFBC}") = "oop", "oop\oop.csproj", "{8B90E89F-DCB5-469D-97E0-5FF1BC812DAE}"
EndProject
Global
	GlobalSection(SolutionConfigurationPlatforms) = preSolution
		Debug|Any CPU = Debug|Any CPU
		Release|Any CPU = Release|Any CPU
	EndGlobalSection
	GlobalSection(ProjectConfigurationPlatforms) = postSolution
		{8B90E89F-DCB5-469D-97E0-5FF1BC812DAE}.Debug|Any CPU.ActiveCfg = Debug|Any CPU
		{8B90E89F-DCB5-469D-97E0-5FF1BC812DAE}.Debug|Any CPU.Build.0 = Debug|Any CPU
		{8B90E89F-DCB5-469D-97E0-5FF1BC812DAE}.Release|Any CPU.ActiveCfg = Release|Any CPU
		{8B90E89F-DCB5-469D-97E0-5FF1BC812DAE}.Release|Any CPU.Build.0 = Release|Any CPU
	EndGlobalSection
	GlobalSection(SolutionProperties) = preSolution
		HideSolutionNode = FALSE
	EndGlobalSection
	GlobalSection(ExtensibilityGlobals) = postSolution
		SolutionGuid = {19D0A530-4FFB-457C-B096-BC6795A381F4}
	EndGlobalSection
EndGlobal
