
Microsoft Visual Studio Solution File, Format Version 12.00
# Visual Studio Version 17
VisualStudioVersion = 17.0.31903.59
MinimumVisualStudioVersion = 10.0.40219.1
Project("{FAE04EC0-301F-11D3-BF4B-00C04F79EFBC}") = "CalculatorAPI", "CalculatorAPI\CalculatorAPI.csproj", "{1C4231BE-CD4F-4ADF-B67D-551488C82EFA}"
EndProject
Project("{9A19103F-16F7-4668-BE54-9A1E7A4F7556}") = "CalculatorTests", "CalculatorTests\CalculatorTests.csproj", "{3C96CC92-8ADB-48DC-86D6-5A6EDEE9CEA0}"
EndProject
Project("{2150E333-8FDC-42A3-9474-1A3956D46DE8}") = "Solution Items", "Solution Items", "{9F12AE7F-B167-422C-9280-FBCA3DAEE627}"
	ProjectSection(SolutionItems) = preProject
		InsertDiagnosticsLogs.sql = InsertDiagnosticsLogs.sql
	EndProjectSection
EndProject
Project("{FAE04EC0-301F-11D3-BF4B-00C04F79EFBC}") = "CalculatorWebAPI", "CalculatorWebAPI\CalculatorWebAPI.csproj", "{CBE26353-E1BB-4F25-BACF-43CCEF9EB7BC}"
EndProject
Global
	GlobalSection(SolutionConfigurationPlatforms) = preSolution
		Debug|Any CPU = Debug|Any CPU
		Release|Any CPU = Release|Any CPU
	EndGlobalSection
	GlobalSection(ProjectConfigurationPlatforms) = postSolution
		{1C4231BE-CD4F-4ADF-B67D-551488C82EFA}.Debug|Any CPU.ActiveCfg = Debug|Any CPU
		{1C4231BE-CD4F-4ADF-B67D-551488C82EFA}.Debug|Any CPU.Build.0 = Debug|Any CPU
		{1C4231BE-CD4F-4ADF-B67D-551488C82EFA}.Release|Any CPU.ActiveCfg = Release|Any CPU
		{1C4231BE-CD4F-4ADF-B67D-551488C82EFA}.Release|Any CPU.Build.0 = Release|Any CPU
		{3C96CC92-8ADB-48DC-86D6-5A6EDEE9CEA0}.Debug|Any CPU.ActiveCfg = Debug|Any CPU
		{3C96CC92-8ADB-48DC-86D6-5A6EDEE9CEA0}.Debug|Any CPU.Build.0 = Debug|Any CPU
		{3C96CC92-8ADB-48DC-86D6-5A6EDEE9CEA0}.Release|Any CPU.ActiveCfg = Release|Any CPU
		{3C96CC92-8ADB-48DC-86D6-5A6EDEE9CEA0}.Release|Any CPU.Build.0 = Release|Any CPU
		{CBE26353-E1BB-4F25-BACF-43CCEF9EB7BC}.Debug|Any CPU.ActiveCfg = Debug|Any CPU
		{CBE26353-E1BB-4F25-BACF-43CCEF9EB7BC}.Debug|Any CPU.Build.0 = Debug|Any CPU
		{CBE26353-E1BB-4F25-BACF-43CCEF9EB7BC}.Release|Any CPU.ActiveCfg = Release|Any CPU
		{CBE26353-E1BB-4F25-BACF-43CCEF9EB7BC}.Release|Any CPU.Build.0 = Release|Any CPU
	EndGlobalSection
	GlobalSection(SolutionProperties) = preSolution
		HideSolutionNode = FALSE
	EndGlobalSection
	GlobalSection(ExtensibilityGlobals) = postSolution
		SolutionGuid = {14D1FD81-91E1-4FEF-B8D3-8D48B0DB36A2}
	EndGlobalSection
EndGlobal
