
Microsoft Visual Studio Solution File, Format Version 12.00
# Visual Studio Version 17
VisualStudioVersion = 17.5.33530.505
MinimumVisualStudioVersion = 10.0.40219.1
Project("{FAE04EC0-301F-11D3-BF4B-00C04F79EFBC}") = "Client", "Client\Client.csproj", "{73F055A4-0526-4CDB-A2D2-251EF424A478}"
EndProject
Global
	GlobalSection(SolutionConfigurationPlatforms) = preSolution
		Debug|Any CPU = Debug|Any CPU
		Release|Any CPU = Release|Any CPU
	EndGlobalSection
	GlobalSection(ProjectConfigurationPlatforms) = postSolution
		{73F055A4-0526-4CDB-A2D2-251EF424A478}.Debug|Any CPU.ActiveCfg = Debug|Any CPU
		{73F055A4-0526-4CDB-A2D2-251EF424A478}.Debug|Any CPU.Build.0 = Debug|Any CPU
		{73F055A4-0526-4CDB-A2D2-251EF424A478}.Release|Any CPU.ActiveCfg = Release|Any CPU
		{73F055A4-0526-4CDB-A2D2-251EF424A478}.Release|Any CPU.Build.0 = Release|Any CPU
	EndGlobalSection
	GlobalSection(SolutionProperties) = preSolution
		HideSolutionNode = FALSE
	EndGlobalSection
	GlobalSection(ExtensibilityGlobals) = postSolution
		SolutionGuid = {B1D46602-8F21-490A-BDDA-4E114A716938}
	EndGlobalSection
EndGlobal
