
Microsoft Visual Studio Solution File, Format Version 12.00
# Visual Studio Version 17
VisualStudioVersion = 17.5.33530.505
MinimumVisualStudioVersion = 10.0.40219.1
Project("{FAE04EC0-301F-11D3-BF4B-00C04F79EFBC}") = "Lesson1", "Lesson1\Lesson1.csproj", "{93D2982F-2A78-42B3-B954-CC5BD5E7925C}"
EndProject
Project("{FAE04EC0-301F-11D3-BF4B-00C04F79EFBC}") = "SwitchCase", "SwitchCase\SwitchCase.csproj", "{242D965E-7C7A-4A24-A8A9-3AE74848F150}"
EndProject
Project("{FAE04EC0-301F-11D3-BF4B-00C04F79EFBC}") = "loops", "loops\loops.csproj", "{6685CF4A-7118-432F-B33D-051EB70ADFAA}"
EndProject
Project("{FAE04EC0-301F-11D3-BF4B-00C04F79EFBC}") = "forloop", "forloop\forloop.csproj", "{42F6BB69-F1D5-4BFB-8CFD-EA5C93E1084E}"
EndProject
Project("{FAE04EC0-301F-11D3-BF4B-00C04F79EFBC}") = "ForEach", "ForEach\ForEach.csproj", "{26EBB3E5-F2BD-47BA-ADD4-52801AF8E0E1}"
EndProject
Project("{FAE04EC0-301F-11D3-BF4B-00C04F79EFBC}") = "Functionblock", "Functionblock\Functionblock.csproj", "{5764E6BF-91D6-4A48-8C87-85F94E1BC855}"
EndProject
Global
	GlobalSection(SolutionConfigurationPlatforms) = preSolution
		Debug|Any CPU = Debug|Any CPU
		Release|Any CPU = Release|Any CPU
	EndGlobalSection
	GlobalSection(ProjectConfigurationPlatforms) = postSolution
		{93D2982F-2A78-42B3-B954-CC5BD5E7925C}.Debug|Any CPU.ActiveCfg = Debug|Any CPU
		{93D2982F-2A78-42B3-B954-CC5BD5E7925C}.Debug|Any CPU.Build.0 = Debug|Any CPU
		{93D2982F-2A78-42B3-B954-CC5BD5E7925C}.Release|Any CPU.ActiveCfg = Release|Any CPU
		{93D2982F-2A78-42B3-B954-CC5BD5E7925C}.Release|Any CPU.Build.0 = Release|Any CPU
		{242D965E-7C7A-4A24-A8A9-3AE74848F150}.Debug|Any CPU.ActiveCfg = Debug|Any CPU
		{242D965E-7C7A-4A24-A8A9-3AE74848F150}.Debug|Any CPU.Build.0 = Debug|Any CPU
		{242D965E-7C7A-4A24-A8A9-3AE74848F150}.Release|Any CPU.ActiveCfg = Release|Any CPU
		{242D965E-7C7A-4A24-A8A9-3AE74848F150}.Release|Any CPU.Build.0 = Release|Any CPU
		{6685CF4A-7118-432F-B33D-051EB70ADFAA}.Debug|Any CPU.ActiveCfg = Debug|Any CPU
		{6685CF4A-7118-432F-B33D-051EB70ADFAA}.Debug|Any CPU.Build.0 = Debug|Any CPU
		{6685CF4A-7118-432F-B33D-051EB70ADFAA}.Release|Any CPU.ActiveCfg = Release|Any CPU
		{6685CF4A-7118-432F-B33D-051EB70ADFAA}.Release|Any CPU.Build.0 = Release|Any CPU
		{42F6BB69-F1D5-4BFB-8CFD-EA5C93E1084E}.Debug|Any CPU.ActiveCfg = Debug|Any CPU
		{42F6BB69-F1D5-4BFB-8CFD-EA5C93E1084E}.Debug|Any CPU.Build.0 = Debug|Any CPU
		{42F6BB69-F1D5-4BFB-8CFD-EA5C93E1084E}.Release|Any CPU.ActiveCfg = Release|Any CPU
		{42F6BB69-F1D5-4BFB-8CFD-EA5C93E1084E}.Release|Any CPU.Build.0 = Release|Any CPU
		{26EBB3E5-F2BD-47BA-ADD4-52801AF8E0E1}.Debug|Any CPU.ActiveCfg = Debug|Any CPU
		{26EBB3E5-F2BD-47BA-ADD4-52801AF8E0E1}.Debug|Any CPU.Build.0 = Debug|Any CPU
		{26EBB3E5-F2BD-47BA-ADD4-52801AF8E0E1}.Release|Any CPU.ActiveCfg = Release|Any CPU
		{26EBB3E5-F2BD-47BA-ADD4-52801AF8E0E1}.Release|Any CPU.Build.0 = Release|Any CPU
		{5764E6BF-91D6-4A48-8C87-85F94E1BC855}.Debug|Any CPU.ActiveCfg = Debug|Any CPU
		{5764E6BF-91D6-4A48-8C87-85F94E1BC855}.Debug|Any CPU.Build.0 = Debug|Any CPU
		{5764E6BF-91D6-4A48-8C87-85F94E1BC855}.Release|Any CPU.ActiveCfg = Release|Any CPU
		{5764E6BF-91D6-4A48-8C87-85F94E1BC855}.Release|Any CPU.Build.0 = Release|Any CPU
	EndGlobalSection
	GlobalSection(SolutionProperties) = preSolution
		HideSolutionNode = FALSE
	EndGlobalSection
	GlobalSection(ExtensibilityGlobals) = postSolution
		SolutionGuid = {93F68E3F-F83A-4C40-ABCC-1BA84934665A}
	EndGlobalSection
EndGlobal
