
Microsoft Visual Studio Solution File, Format Version 12.00
# Visual Studio Version 17
VisualStudioVersion = 17.5.33530.505
MinimumVisualStudioVersion = 10.0.40219.1
Project("{FAE04EC0-301F-11D3-BF4B-00C04F79EFBC}") = "Server", "Server\Server.csproj", "{40D899D7-93A5-4F06-B3A9-790282EB8B64}"
EndProject
Global
	GlobalSection(SolutionConfigurationPlatforms) = preSolution
		Debug|Any CPU = Debug|Any CPU
		Release|Any CPU = Release|Any CPU
	EndGlobalSection
	GlobalSection(ProjectConfigurationPlatforms) = postSolution
		{40D899D7-93A5-4F06-B3A9-790282EB8B64}.Debug|Any CPU.ActiveCfg = Debug|Any CPU
		{40D899D7-93A5-4F06-B3A9-790282EB8B64}.Debug|Any CPU.Build.0 = Debug|Any CPU
		{40D899D7-93A5-4F06-B3A9-790282EB8B64}.Release|Any CPU.ActiveCfg = Release|Any CPU
		{40D899D7-93A5-4F06-B3A9-790282EB8B64}.Release|Any CPU.Build.0 = Release|Any CPU
	EndGlobalSection
	GlobalSection(SolutionProperties) = preSolution
		HideSolutionNode = FALSE
	EndGlobalSection
	GlobalSection(ExtensibilityGlobals) = postSolution
		SolutionGuid = {EB302A4B-E3D7-4CCE-A1B4-63FB1463A638}
	EndGlobalSection
EndGlobal
